
Microsoft Visual Studio Solution File, Format Version 12.00
# Visual Studio 15
VisualStudioVersion = 15.0.28307.168
MinimumVisualStudioVersion = 10.0.40219.1
Project("{FAE04EC0-301F-11D3-BF4B-00C04F79EFBC}") = "Repetition_Checkpoints", "ConsoleApp1\Repetition_Checkpoints.csproj", "{EB97EEEC-27CF-4FFF-9BB9-F58719E56623}"
EndProject
Global
	GlobalSection(SolutionConfigurationPlatforms) = preSolution
		Debug|Any CPU = Debug|Any CPU
		Release|Any CPU = Release|Any CPU
	EndGlobalSection
	GlobalSection(ProjectConfigurationPlatforms) = postSolution
		{EB97EEEC-27CF-4FFF-9BB9-F58719E56623}.Debug|Any CPU.ActiveCfg = Debug|Any CPU
		{EB97EEEC-27CF-4FFF-9BB9-F58719E56623}.Debug|Any CPU.Build.0 = Debug|Any CPU
		{EB97EEEC-27CF-4FFF-9BB9-F58719E56623}.Release|Any CPU.ActiveCfg = Release|Any CPU
		{EB97EEEC-27CF-4FFF-9BB9-F58719E56623}.Release|Any CPU.Build.0 = Release|Any CPU
	EndGlobalSection
	GlobalSection(SolutionProperties) = preSolution
		HideSolutionNode = FALSE
	EndGlobalSection
	GlobalSection(ExtensibilityGlobals) = postSolution
		SolutionGuid = {D8FF0EF4-CDC0-4F52-AE82-52FE1425D41D}
	EndGlobalSection
EndGlobal
